
Microsoft Visual Studio Solution File, Format Version 12.00
# Visual Studio Version 17
VisualStudioVersion = 17.7.34031.279
MinimumVisualStudioVersion = 10.0.40219.1
Project("{FAE04EC0-301F-11D3-BF4B-00C04F79EFBC}") = "BlogApiApp", "BlogApiApp\BlogApiApp.csproj", "{9C9F0E51-BF68-4C6F-B57D-FFA8A3EF013A}"
EndProject
Global
	GlobalSection(SolutionConfigurationPlatforms) = preSolution
		Debug|Any CPU = Debug|Any CPU
		Release|Any CPU = Release|Any CPU
	EndGlobalSection
	GlobalSection(ProjectConfigurationPlatforms) = postSolution
		{9C9F0E51-BF68-4C6F-B57D-FFA8A3EF013A}.Debug|Any CPU.ActiveCfg = Debug|Any CPU
		{9C9F0E51-BF68-4C6F-B57D-FFA8A3EF013A}.Debug|Any CPU.Build.0 = Debug|Any CPU
		{9C9F0E51-BF68-4C6F-B57D-FFA8A3EF013A}.Release|Any CPU.ActiveCfg = Release|Any CPU
		{9C9F0E51-BF68-4C6F-B57D-FFA8A3EF013A}.Release|Any CPU.Build.0 = Release|Any CPU
	EndGlobalSection
	GlobalSection(SolutionProperties) = preSolution
		HideSolutionNode = FALSE
	EndGlobalSection
	GlobalSection(ExtensibilityGlobals) = postSolution
		SolutionGuid = {287893FA-548F-4CC8-8727-0A04F34EB3BD}
	EndGlobalSection
EndGlobal
